
Microsoft Visual Studio Solution File, Format Version 12.00
# Visual Studio 15
VisualStudioVersion = 15.0.26228.12
MinimumVisualStudioVersion = 10.0.40219.1
Project("{FAE04EC0-301F-11D3-BF4B-00C04F79EFBC}") = "MiniERP desktop", "MiniERP desktop\MiniERP desktop.csproj", "{8AE4BA5F-3637-4D23-BF64-7E0832E6B6C7}"
EndProject
Project("{D954291E-2A0B-460D-934E-DC6B0785DB48}") = "MiniERP Shared", "MiniERP Shared\MiniERP Shared.shproj", "{AE27EB32-A6EE-4E65-84E3-671E06516B4F}"
EndProject
Global
	GlobalSection(SharedMSBuildProjectFiles) = preSolution
		MiniERP Shared\MiniERP Shared.projitems*{ae27eb32-a6ee-4e65-84e3-671e06516b4f}*SharedItemsImports = 13
	EndGlobalSection
	GlobalSection(SolutionConfigurationPlatforms) = preSolution
		Debug|Any CPU = Debug|Any CPU
		Release|Any CPU = Release|Any CPU
	EndGlobalSection
	GlobalSection(ProjectConfigurationPlatforms) = postSolution
		{8AE4BA5F-3637-4D23-BF64-7E0832E6B6C7}.Debug|Any CPU.ActiveCfg = Debug|Any CPU
		{8AE4BA5F-3637-4D23-BF64-7E0832E6B6C7}.Debug|Any CPU.Build.0 = Debug|Any CPU
		{8AE4BA5F-3637-4D23-BF64-7E0832E6B6C7}.Release|Any CPU.ActiveCfg = Release|Any CPU
		{8AE4BA5F-3637-4D23-BF64-7E0832E6B6C7}.Release|Any CPU.Build.0 = Release|Any CPU
	EndGlobalSection
	GlobalSection(SolutionProperties) = preSolution
		HideSolutionNode = FALSE
	EndGlobalSection
EndGlobal
